
Microsoft Visual Studio Solution File, Format Version 12.00
# Visual Studio Version 17
VisualStudioVersion = 17.1.32319.34
MinimumVisualStudioVersion = 10.0.40219.1
Project("{FAE04EC0-301F-11D3-BF4B-00C04F79EFBC}") = "WordDbInit", "WordDbInit\WordDbInit.csproj", "{04FF471A-B74E-4279-AE27-773B79757825}"
EndProject
Global
	GlobalSection(SolutionConfigurationPlatforms) = preSolution
		Debug|Any CPU = Debug|Any CPU
		Release|Any CPU = Release|Any CPU
	EndGlobalSection
	GlobalSection(ProjectConfigurationPlatforms) = postSolution
		{04FF471A-B74E-4279-AE27-773B79757825}.Debug|Any CPU.ActiveCfg = Debug|Any CPU
		{04FF471A-B74E-4279-AE27-773B79757825}.Debug|Any CPU.Build.0 = Debug|Any CPU
		{04FF471A-B74E-4279-AE27-773B79757825}.Release|Any CPU.ActiveCfg = Release|Any CPU
		{04FF471A-B74E-4279-AE27-773B79757825}.Release|Any CPU.Build.0 = Release|Any CPU
	EndGlobalSection
	GlobalSection(SolutionProperties) = preSolution
		HideSolutionNode = FALSE
	EndGlobalSection
	GlobalSection(ExtensibilityGlobals) = postSolution
		SolutionGuid = {0F31FA3E-3B6C-4E6B-98BD-9FEC8BB3F9F8}
	EndGlobalSection
EndGlobal
